{
  "name": "xueyan-react-markdown-doc",
  "version": "1.0.0",
  "lockfileVersion": 2,
  "requires": true,
  "packages": {
    "": {
      "name": "xueyan-react-markdown-doc",
      "version": "1.0.0",
      "dependencies": {
        "classnames": "^2.3.0",
        "lodash": "^4.14.0",
        "react": ">=16.8.0",
        "react-dom": ">=16.8.0",
        "xueyan-react": "^1.5.0",
        "xueyan-react-doc": "^2.1.0",
        "xueyan-react-style": "^2.1.0"
      },
      "devDependencies": {
        "@babel/runtime": "^7.12.0",
        "@types/lodash": "^4.14.0",
        "@types/react": ">=16.8.0",
        "@types/react-dom": ">=16.8.0",
        "typescript": "^4.0.0"
      }
    },
    "node_modules/@babel/runtime": {
      "version": "7.18.3",
      "resolved": "https://registry.npmjs.org/@babel/runtime/-/runtime-7.18.3.tgz",
      "integrity": "sha512-38Y8f7YUhce/K7RMwTp7m0uCumpv9hZkitCbBClqQIow1qSbCvGkcegKOXpEWCQLfWmevgRiWokZ1GkpfhbZug==",
      "dependencies": {
        "regenerator-runtime": "^0.13.4"
      },
      "engines": {
        "node": ">=6.9.0"
      }
    },
    "node_modules/@types/lodash": {
      "version": "4.14.182",
      "resolved": "https://registry.npmjs.org/@types/lodash/-/lodash-4.14.182.tgz",
      "integrity": "sha512-/THyiqyQAP9AfARo4pF+aCGcyiQ94tX/Is2I7HofNRqoYLgN1PBoOWu2/zTA5zMxzP5EFutMtWtGAFRKUe961Q==",
      "dev": true
    },
    "node_modules/@types/prop-types": {
      "version": "15.7.5",
      "resolved": "https://registry.npmjs.org/@types/prop-types/-/prop-types-15.7.5.tgz",
      "integrity": "sha512-JCB8C6SnDoQf0cNycqd/35A7MjcnK+ZTqE7judS6o7utxUCg6imJg3QK2qzHKszlTjcj2cn+NwMB2i96ubpj7w==",
      "dev": true
    },
    "node_modules/@types/react": {
      "version": "18.0.9",
      "resolved": "https://registry.npmjs.org/@types/react/-/react-18.0.9.tgz",
      "integrity": "sha512-9bjbg1hJHUm4De19L1cHiW0Jvx3geel6Qczhjd0qY5VKVE2X5+x77YxAepuCwVh4vrgZJdgEJw48zrhRIeF4Nw==",
      "dev": true,
      "dependencies": {
        "@types/prop-types": "*",
        "@types/scheduler": "*",
        "csstype": "^3.0.2"
      }
    },
    "node_modules/@types/react-dom": {
      "version": "18.0.5",
      "resolved": "https://registry.npmjs.org/@types/react-dom/-/react-dom-18.0.5.tgz",
      "integrity": "sha512-OWPWTUrY/NIrjsAPkAk1wW9LZeIjSvkXRhclsFO8CZcZGCOg2G0YZy4ft+rOyYxy8B7ui5iZzi9OkDebZ7/QSA==",
      "dev": true,
      "dependencies": {
        "@types/react": "*"
      }
    },
    "node_modules/@types/scheduler": {
      "version": "0.16.2",
      "resolved": "https://registry.npmjs.org/@types/scheduler/-/scheduler-0.16.2.tgz",
      "integrity": "sha512-hppQEBDmlwhFAXKJX2KnWLYu5yMfi91yazPb2l+lbJiwW+wdo1gNeRA+3RgNSO39WYX2euey41KEwnqesU2Jew==",
      "dev": true
    },
    "node_modules/classnames": {
      "version": "2.3.1",
      "resolved": "https://registry.npmjs.org/classnames/-/classnames-2.3.1.tgz",
      "integrity": "sha512-OlQdbZ7gLfGarSqxesMesDa5uz7KFbID8Kpq/SxIoNGDqY8lSYs0D+hhtBXhcdB3rcbXArFr7vlHheLk1voeNA=="
    },
    "node_modules/csstype": {
      "version": "3.1.0",
      "resolved": "https://registry.npmjs.org/csstype/-/csstype-3.1.0.tgz",
      "integrity": "sha512-uX1KG+x9h5hIJsaKR9xHUeUraxf8IODOwq9JLNPq6BwB04a/xgpq3rcx47l5BZu5zBPlgD342tdke3Hom/nJRA==",
      "dev": true
    },
    "node_modules/eventemitter3": {
      "version": "4.0.7",
      "resolved": "https://registry.npmjs.org/eventemitter3/-/eventemitter3-4.0.7.tgz",
      "integrity": "sha512-8guHBZCwKnFhYdHr2ysuRWErTwhoN2X8XELRlrRwpmfeY2jjuUN4taQMsULKUVo1K4DvZl+0pgfyoysHxvmvEw=="
    },
    "node_modules/intersection-observer": {
      "version": "0.12.0",
      "resolved": "https://registry.npmjs.org/intersection-observer/-/intersection-observer-0.12.0.tgz",
      "integrity": "sha512-2Vkz8z46Dv401zTWudDGwO7KiGHNDkMv417T5ItcNYfmvHR/1qCTVBO9vwH8zZmQ0WkA/1ARwpysR9bsnop4NQ=="
    },
    "node_modules/js-tokens": {
      "version": "4.0.0",
      "resolved": "https://registry.npmjs.org/js-tokens/-/js-tokens-4.0.0.tgz",
      "integrity": "sha512-RdJUflcE3cUzKiMqQgsCu06FPu9UdIJO0beYbPhHN4k6apgJtifcoCtT9bcxOpYBtpD2kCM6Sbzg4CausW/PKQ=="
    },
    "node_modules/lodash": {
      "version": "4.17.21",
      "resolved": "https://registry.npmjs.org/lodash/-/lodash-4.17.21.tgz",
      "integrity": "sha512-v2kDEe57lecTulaDIuNTPy3Ry4gLGJ6Z1O3vE1krgXZNrsQ+LFTGHVxVjcXPs17LhbZVGedAJv8XZ1tvj5FvSg=="
    },
    "node_modules/loose-envify": {
      "version": "1.4.0",
      "resolved": "https://registry.npmjs.org/loose-envify/-/loose-envify-1.4.0.tgz",
      "integrity": "sha512-lyuxPGr/Wfhrlem2CL/UcnUc1zcqKAImBDzukY7Y5F/yQiNdko6+fRLevlw1HgMySw7f611UIY408EtxRSoK3Q==",
      "dependencies": {
        "js-tokens": "^3.0.0 || ^4.0.0"
      },
      "bin": {
        "loose-envify": "cli.js"
      }
    },
    "node_modules/react": {
      "version": "18.1.0",
      "resolved": "https://registry.npmjs.org/react/-/react-18.1.0.tgz",
      "integrity": "sha512-4oL8ivCz5ZEPyclFQXaNksK3adutVS8l2xzZU0cqEFrE9Sb7fC0EFK5uEk74wIreL1DERyjvsU915j1pcT2uEQ==",
      "dependencies": {
        "loose-envify": "^1.1.0"
      },
      "engines": {
        "node": ">=0.10.0"
      }
    },
    "node_modules/react-dom": {
      "version": "18.1.0",
      "resolved": "https://registry.npmjs.org/react-dom/-/react-dom-18.1.0.tgz",
      "integrity": "sha512-fU1Txz7Budmvamp7bshe4Zi32d0ll7ect+ccxNu9FlObT605GOEB8BfO4tmRJ39R5Zj831VCpvQ05QPBW5yb+w==",
      "dependencies": {
        "loose-envify": "^1.1.0",
        "scheduler": "^0.22.0"
      },
      "peerDependencies": {
        "react": "^18.1.0"
      }
    },
    "node_modules/regenerator-runtime": {
      "version": "0.13.9",
      "resolved": "https://registry.npmjs.org/regenerator-runtime/-/regenerator-runtime-0.13.9.tgz",
      "integrity": "sha512-p3VT+cOEgxFsRRA9X4lkI1E+k2/CtnKtU4gcxyaCUreilL/vqI6CdZ3wxVUx3UOUg+gnUOQQcRI7BmSI656MYA=="
    },
    "node_modules/scheduler": {
      "version": "0.22.0",
      "resolved": "https://registry.npmjs.org/scheduler/-/scheduler-0.22.0.tgz",
      "integrity": "sha512-6QAm1BgQI88NPYymgGQLCZgvep4FyePDWFpXVK+zNSUgHwlqpJy8VEh8Et0KxTACS4VWwMousBElAZOH9nkkoQ==",
      "dependencies": {
        "loose-envify": "^1.1.0"
      }
    },
    "node_modules/typescript": {
      "version": "4.7.2",
      "resolved": "https://registry.npmjs.org/typescript/-/typescript-4.7.2.tgz",
      "integrity": "sha512-Mamb1iX2FDUpcTRzltPxgWMKy3fhg0TN378ylbktPGPK/99KbDtMQ4W1hwgsbPAsG3a0xKa1vmw4VKZQbkvz5A==",
      "dev": true,
      "bin": {
        "tsc": "bin/tsc",
        "tsserver": "bin/tsserver"
      },
      "engines": {
        "node": ">=4.2.0"
      }
    },
    "node_modules/xueyan-react": {
      "version": "1.5.0",
      "resolved": "https://registry.npmjs.org/xueyan-react/-/xueyan-react-1.5.0.tgz",
      "integrity": "sha512-iCRlgFgDng5FyvWDCMyvZVzgFNiIWWB2FhM8g6zEezqldWOrLOh7gEPybZ7HxXEyRQUG52TQge34dwBjUmfbXA==",
      "dependencies": {
        "@babel/runtime": "^7.12.5",
        "intersection-observer": "^0.12.0",
        "xueyan-react-store": "^2.2.0"
      },
      "peerDependencies": {
        "react": ">=16.8.0"
      }
    },
    "node_modules/xueyan-react-button": {
      "version": "1.0.0",
      "resolved": "https://registry.npmjs.org/xueyan-react-button/-/xueyan-react-button-1.0.0.tgz",
      "integrity": "sha512-UWTEdg6wmUYHFnl8Ow6f68ikSgK50fATuw3wl6aBz/TMZsgGM035mLElPtiWIAFI+xhKKrmRQ6wbjdYeXcpvng==",
      "dependencies": {
        "@babel/runtime": "^7.12.0",
        "xueyan-react-style": "^2.1.0"
      },
      "peerDependencies": {
        "classnames": "^2.3.0",
        "react": ">=16.8.0"
      }
    },
    "node_modules/xueyan-react-clone": {
      "version": "1.0.0",
      "resolved": "https://registry.npmjs.org/xueyan-react-clone/-/xueyan-react-clone-1.0.0.tgz",
      "integrity": "sha512-rovKlJ5ZP4qDvsN5dhTUQyJZNiuXNeM4vYhxk8TiiBq79k1SFwK9uB5SwkC3+G269QeeUiikEaLNxHCp7+vCcQ==",
      "dependencies": {
        "@babel/runtime": "^7.12.0"
      },
      "peerDependencies": {
        "classnames": "^2.3.0",
        "react": ">=16.8.0"
      }
    },
    "node_modules/xueyan-react-contents": {
      "version": "1.0.7",
      "resolved": "https://registry.npmjs.org/xueyan-react-contents/-/xueyan-react-contents-1.0.7.tgz",
      "integrity": "sha512-aHWhxB6L8YaSZI5gDD8o8BRogWPSlqnbeQCmG6szowNsUQff/RkCl2dY2nRgOCGurVSQvw1kWimTt8D3dQgpbQ==",
      "dependencies": {
        "@babel/runtime": "^7.12.0",
        "xueyan-react-icon": "^1.1.2",
        "xueyan-react-input": "^1.0.2",
        "xueyan-react-link": "^1.1.3",
        "xueyan-react-style": "^2.0.2",
        "xueyan-react-transition": "^1.0.8"
      },
      "peerDependencies": {
        "classnames": "^2.3.0",
        "react": ">=16.8.0"
      }
    },
    "node_modules/xueyan-react-doc": {
      "version": "2.1.3",
      "resolved": "https://registry.npmjs.org/xueyan-react-doc/-/xueyan-react-doc-2.1.3.tgz",
      "integrity": "sha512-uB2Gu2NgFtVwhtDGl2/kUQUoFt6LIPsRoVYXVd12Q2NaEJrU6uB3RrXs13PsTcMaTXhxwlY/g9WI8uqbLKmpLQ==",
      "dependencies": {
        "@babel/runtime": "^7.12.0",
        "xueyan-react-button": "^1.0.0",
        "xueyan-react-contents": "^1.0.7",
        "xueyan-react-drawer": "^1.0.2",
        "xueyan-react-icon": "^1.1.3",
        "xueyan-react-link": "^1.1.3",
        "xueyan-react-select": "^1.2.0",
        "xueyan-react-store": "^2.2.0",
        "xueyan-react-style": "^2.1.0",
        "xueyan-react-transition": "^1.0.9"
      },
      "peerDependencies": {
        "classnames": "^2.3.0",
        "react": ">=16.8.0"
      }
    },
    "node_modules/xueyan-react-drawer": {
      "version": "1.0.3",
      "resolved": "https://registry.npmjs.org/xueyan-react-drawer/-/xueyan-react-drawer-1.0.3.tgz",
      "integrity": "sha512-I6SXpAw5yfmmIqyWIyQtjVvVMCZV8Fx1+AxcP7MIbIByiov9xoHpM00j0d1olXEu2/uFAjHzg3ZdnVAViiMHyQ==",
      "dependencies": {
        "@babel/runtime": "^7.12.0",
        "xueyan-react-style": "^2.0.2",
        "xueyan-react-transition": "^1.0.8"
      },
      "peerDependencies": {
        "classnames": "^2.3.0",
        "react": ">=16.8.0"
      }
    },
    "node_modules/xueyan-react-ellipsis": {
      "version": "1.0.6",
      "resolved": "https://registry.npmjs.org/xueyan-react-ellipsis/-/xueyan-react-ellipsis-1.0.6.tgz",
      "integrity": "sha512-vb4xZ2HbD+rEmJLIf7+YviJ/joDYcy4N1Yl8nVPkeIbrocWcjVOCa/SqAFDhb6BfuMnXe0SNaDUNj/Ntvpgv0A==",
      "dependencies": {
        "@babel/runtime": "^7.12.0",
        "xueyan-react-popover": "^1.3.2"
      },
      "peerDependencies": {
        "classnames": "^2.3.0",
        "lodash": "^4.14.0",
        "react": ">=16.8.0"
      }
    },
    "node_modules/xueyan-react-icon": {
      "version": "1.1.5",
      "resolved": "https://registry.npmjs.org/xueyan-react-icon/-/xueyan-react-icon-1.1.5.tgz",
      "integrity": "sha512-8O7HZ7YJ4gQ+ziJTyCC++OZRLpXoI1dpIG6bseRVS+ejPVch5SH61JZjYAYKmlZU3rkP8NfBuDsSG/3KaTsE+Q==",
      "dependencies": {
        "@babel/runtime": "^7.12.0"
      },
      "peerDependencies": {
        "classnames": "^2.3.0",
        "react": ">=16.8.0"
      }
    },
    "node_modules/xueyan-react-input": {
      "version": "1.0.2",
      "resolved": "https://registry.npmjs.org/xueyan-react-input/-/xueyan-react-input-1.0.2.tgz",
      "integrity": "sha512-ok+1g1Xg5nwGvxiaVMH/LouW7td3Bupd9yIpLioFpafk2AnDgPJbVTF6SbrPBUzt7QleCi6u2BsGyt6+qxzbXQ==",
      "dependencies": {
        "@babel/runtime": "^7.12.0",
        "xueyan-react-icon": "^1.1.2",
        "xueyan-react-style": "^2.0.2"
      },
      "peerDependencies": {
        "classnames": "^2.3.0",
        "react": ">=16.8.0"
      }
    },
    "node_modules/xueyan-react-link": {
      "version": "1.1.3",
      "resolved": "https://registry.npmjs.org/xueyan-react-link/-/xueyan-react-link-1.1.3.tgz",
      "integrity": "sha512-ave3qvJ3uTDGUQNQPBuTHih2gL0SfiZLQkcAf6zPrWwn3PpGBgN1V0Mu2l6ieTxrCbPkipcOeD033Pmiy3+xqA==",
      "dependencies": {
        "@babel/runtime": "^7.12.0",
        "xueyan-react-ellipsis": "^1.0.6",
        "xueyan-react-style": "^2.0.2"
      },
      "peerDependencies": {
        "classnames": "^2.3.0",
        "react": ">=16.8.0"
      }
    },
    "node_modules/xueyan-react-popover": {
      "version": "1.3.2",
      "resolved": "https://registry.npmjs.org/xueyan-react-popover/-/xueyan-react-popover-1.3.2.tgz",
      "integrity": "sha512-Co6MdY9Fl+BUuOF8XMtjLz8pHjXB2gARnxwao3bQkJHaNDrtdTxRqhuF8yu2Yl4zS0u2HLplPdx+yLpAcwwOMg==",
      "dependencies": {
        "@babel/runtime": "^7.12.0",
        "xueyan-react-style": "^2.0.1",
        "xueyan-react-transition": "^1.0.8"
      },
      "peerDependencies": {
        "classnames": "^2.3.0",
        "react": ">=16.8.0"
      }
    },
    "node_modules/xueyan-react-select": {
      "version": "1.2.0",
      "resolved": "https://registry.npmjs.org/xueyan-react-select/-/xueyan-react-select-1.2.0.tgz",
      "integrity": "sha512-1YExaTv52GzJBtXGbiVfIz8Er6w4eAqZTLKux+7CmPKGjnN55k/5QX0Wjl2dvR+gBommixAPNJdOQ1hO42oe1g==",
      "dependencies": {
        "@babel/runtime": "^7.12.0",
        "xueyan-react-icon": "^1.1.2",
        "xueyan-react-popover": "^1.3.1",
        "xueyan-react-style": "^2.0.1"
      },
      "peerDependencies": {
        "classnames": "^2.3.0",
        "react": ">=16.8.0"
      }
    },
    "node_modules/xueyan-react-store": {
      "version": "2.2.4",
      "resolved": "https://registry.npmjs.org/xueyan-react-store/-/xueyan-react-store-2.2.4.tgz",
      "integrity": "sha512-rum2uRhGffK9mNV1PGo9KsmfnPE2f472h6UUDuqZDKJM7kg7S5OmLKWt2oj7HfZWRE6msUEJE/r5XZ1peHXsdQ==",
      "dependencies": {
        "@babel/runtime": "^7.12.5",
        "eventemitter3": "^4.0.7"
      },
      "peerDependencies": {
        "react": ">=16.8.0"
      }
    },
    "node_modules/xueyan-react-style": {
      "version": "2.1.0",
      "resolved": "https://registry.npmjs.org/xueyan-react-style/-/xueyan-react-style-2.1.0.tgz",
      "integrity": "sha512-cRQrPvsuiyDGBHKo+/G4UC5RD6iy6jlV67HKEC4BjLGDgDIw/EhA9yZ9zt9T+qEyYxOfaDbYYSRDcgR8sBO/GA==",
      "dependencies": {
        "@babel/runtime": "^7.12.0",
        "eventemitter3": "^4.0.7",
        "xueyan-react-icon": "^1.1.2",
        "xueyan-react-select": "^1.2.0"
      },
      "peerDependencies": {
        "classnames": "^2.3.0",
        "react": ">=16.8.0"
      }
    },
    "node_modules/xueyan-react-transition": {
      "version": "1.0.10",
      "resolved": "https://registry.npmjs.org/xueyan-react-transition/-/xueyan-react-transition-1.0.10.tgz",
      "integrity": "sha512-NLkQOYYXLc8QKB985qFlWgLl75wPI/g3hH5TUQtajEeI5Sx0WDBpa0MhesCrlodoevJ+9D+doHP4aikn7aouRQ==",
      "dependencies": {
        "@babel/runtime": "^7.12.0",
        "xueyan-react-clone": "^1.0.0"
      },
      "peerDependencies": {
        "classnames": "^2.3.0",
        "react": ">=16.8.0"
      }
    }
  },
  "dependencies": {
    "@babel/runtime": {
      "version": "7.18.3",
      "resolved": "https://registry.npmjs.org/@babel/runtime/-/runtime-7.18.3.tgz",
      "integrity": "sha512-38Y8f7YUhce/K7RMwTp7m0uCumpv9hZkitCbBClqQIow1qSbCvGkcegKOXpEWCQLfWmevgRiWokZ1GkpfhbZug==",
      "requires": {
        "regenerator-runtime": "^0.13.4"
      }
    },
    "@types/lodash": {
      "version": "4.14.182",
      "resolved": "https://registry.npmjs.org/@types/lodash/-/lodash-4.14.182.tgz",
      "integrity": "sha512-/THyiqyQAP9AfARo4pF+aCGcyiQ94tX/Is2I7HofNRqoYLgN1PBoOWu2/zTA5zMxzP5EFutMtWtGAFRKUe961Q==",
      "dev": true
    },
    "@types/prop-types": {
      "version": "15.7.5",
      "resolved": "https://registry.npmjs.org/@types/prop-types/-/prop-types-15.7.5.tgz",
      "integrity": "sha512-JCB8C6SnDoQf0cNycqd/35A7MjcnK+ZTqE7judS6o7utxUCg6imJg3QK2qzHKszlTjcj2cn+NwMB2i96ubpj7w==",
      "dev": true
    },
    "@types/react": {
      "version": "18.0.9",
      "resolved": "https://registry.npmjs.org/@types/react/-/react-18.0.9.tgz",
      "integrity": "sha512-9bjbg1hJHUm4De19L1cHiW0Jvx3geel6Qczhjd0qY5VKVE2X5+x77YxAepuCwVh4vrgZJdgEJw48zrhRIeF4Nw==",
      "dev": true,
      "requires": {
        "@types/prop-types": "*",
        "@types/scheduler": "*",
        "csstype": "^3.0.2"
      }
    },
    "@types/react-dom": {
      "version": "18.0.5",
      "resolved": "https://registry.npmjs.org/@types/react-dom/-/react-dom-18.0.5.tgz",
      "integrity": "sha512-OWPWTUrY/NIrjsAPkAk1wW9LZeIjSvkXRhclsFO8CZcZGCOg2G0YZy4ft+rOyYxy8B7ui5iZzi9OkDebZ7/QSA==",
      "dev": true,
      "requires": {
        "@types/react": "*"
      }
    },
    "@types/scheduler": {
      "version": "0.16.2",
      "resolved": "https://registry.npmjs.org/@types/scheduler/-/scheduler-0.16.2.tgz",
      "integrity": "sha512-hppQEBDmlwhFAXKJX2KnWLYu5yMfi91yazPb2l+lbJiwW+wdo1gNeRA+3RgNSO39WYX2euey41KEwnqesU2Jew==",
      "dev": true
    },
    "classnames": {
      "version": "2.3.1",
      "resolved": "https://registry.npmjs.org/classnames/-/classnames-2.3.1.tgz",
      "integrity": "sha512-OlQdbZ7gLfGarSqxesMesDa5uz7KFbID8Kpq/SxIoNGDqY8lSYs0D+hhtBXhcdB3rcbXArFr7vlHheLk1voeNA=="
    },
    "csstype": {
      "version": "3.1.0",
      "resolved": "https://registry.npmjs.org/csstype/-/csstype-3.1.0.tgz",
      "integrity": "sha512-uX1KG+x9h5hIJsaKR9xHUeUraxf8IODOwq9JLNPq6BwB04a/xgpq3rcx47l5BZu5zBPlgD342tdke3Hom/nJRA==",
      "dev": true
    },
    "eventemitter3": {
      "version": "4.0.7",
      "resolved": "https://registry.npmjs.org/eventemitter3/-/eventemitter3-4.0.7.tgz",
      "integrity": "sha512-8guHBZCwKnFhYdHr2ysuRWErTwhoN2X8XELRlrRwpmfeY2jjuUN4taQMsULKUVo1K4DvZl+0pgfyoysHxvmvEw=="
    },
    "intersection-observer": {
      "version": "0.12.0",
      "resolved": "https://registry.npmjs.org/intersection-observer/-/intersection-observer-0.12.0.tgz",
      "integrity": "sha512-2Vkz8z46Dv401zTWudDGwO7KiGHNDkMv417T5ItcNYfmvHR/1qCTVBO9vwH8zZmQ0WkA/1ARwpysR9bsnop4NQ=="
    },
    "js-tokens": {
      "version": "4.0.0",
      "resolved": "https://registry.npmjs.org/js-tokens/-/js-tokens-4.0.0.tgz",
      "integrity": "sha512-RdJUflcE3cUzKiMqQgsCu06FPu9UdIJO0beYbPhHN4k6apgJtifcoCtT9bcxOpYBtpD2kCM6Sbzg4CausW/PKQ=="
    },
    "lodash": {
      "version": "4.17.21",
      "resolved": "https://registry.npmjs.org/lodash/-/lodash-4.17.21.tgz",
      "integrity": "sha512-v2kDEe57lecTulaDIuNTPy3Ry4gLGJ6Z1O3vE1krgXZNrsQ+LFTGHVxVjcXPs17LhbZVGedAJv8XZ1tvj5FvSg=="
    },
    "loose-envify": {
      "version": "1.4.0",
      "resolved": "https://registry.npmjs.org/loose-envify/-/loose-envify-1.4.0.tgz",
      "integrity": "sha512-lyuxPGr/Wfhrlem2CL/UcnUc1zcqKAImBDzukY7Y5F/yQiNdko6+fRLevlw1HgMySw7f611UIY408EtxRSoK3Q==",
      "requires": {
        "js-tokens": "^3.0.0 || ^4.0.0"
      }
    },
    "react": {
      "version": "18.1.0",
      "resolved": "https://registry.npmjs.org/react/-/react-18.1.0.tgz",
      "integrity": "sha512-4oL8ivCz5ZEPyclFQXaNksK3adutVS8l2xzZU0cqEFrE9Sb7fC0EFK5uEk74wIreL1DERyjvsU915j1pcT2uEQ==",
      "requires": {
        "loose-envify": "^1.1.0"
      }
    },
    "react-dom": {
      "version": "18.1.0",
      "resolved": "https://registry.npmjs.org/react-dom/-/react-dom-18.1.0.tgz",
      "integrity": "sha512-fU1Txz7Budmvamp7bshe4Zi32d0ll7ect+ccxNu9FlObT605GOEB8BfO4tmRJ39R5Zj831VCpvQ05QPBW5yb+w==",
      "requires": {
        "loose-envify": "^1.1.0",
        "scheduler": "^0.22.0"
      }
    },
    "regenerator-runtime": {
      "version": "0.13.9",
      "resolved": "https://registry.npmjs.org/regenerator-runtime/-/regenerator-runtime-0.13.9.tgz",
      "integrity": "sha512-p3VT+cOEgxFsRRA9X4lkI1E+k2/CtnKtU4gcxyaCUreilL/vqI6CdZ3wxVUx3UOUg+gnUOQQcRI7BmSI656MYA=="
    },
    "scheduler": {
      "version": "0.22.0",
      "resolved": "https://registry.npmjs.org/scheduler/-/scheduler-0.22.0.tgz",
      "integrity": "sha512-6QAm1BgQI88NPYymgGQLCZgvep4FyePDWFpXVK+zNSUgHwlqpJy8VEh8Et0KxTACS4VWwMousBElAZOH9nkkoQ==",
      "requires": {
        "loose-envify": "^1.1.0"
      }
    },
    "typescript": {
      "version": "4.7.2",
      "resolved": "https://registry.npmjs.org/typescript/-/typescript-4.7.2.tgz",
      "integrity": "sha512-Mamb1iX2FDUpcTRzltPxgWMKy3fhg0TN378ylbktPGPK/99KbDtMQ4W1hwgsbPAsG3a0xKa1vmw4VKZQbkvz5A==",
      "dev": true
    },
    "xueyan-react": {
      "version": "1.5.0",
      "resolved": "https://registry.npmjs.org/xueyan-react/-/xueyan-react-1.5.0.tgz",
      "integrity": "sha512-iCRlgFgDng5FyvWDCMyvZVzgFNiIWWB2FhM8g6zEezqldWOrLOh7gEPybZ7HxXEyRQUG52TQge34dwBjUmfbXA==",
      "requires": {
        "@babel/runtime": "^7.12.5",
        "intersection-observer": "^0.12.0",
        "xueyan-react-store": "^2.2.0"
      }
    },
    "xueyan-react-button": {
      "version": "1.0.0",
      "resolved": "https://registry.npmjs.org/xueyan-react-button/-/xueyan-react-button-1.0.0.tgz",
      "integrity": "sha512-UWTEdg6wmUYHFnl8Ow6f68ikSgK50fATuw3wl6aBz/TMZsgGM035mLElPtiWIAFI+xhKKrmRQ6wbjdYeXcpvng==",
      "requires": {
        "@babel/runtime": "^7.12.0",
        "xueyan-react-style": "^2.1.0"
      }
    },
    "xueyan-react-clone": {
      "version": "1.0.0",
      "resolved": "https://registry.npmjs.org/xueyan-react-clone/-/xueyan-react-clone-1.0.0.tgz",
      "integrity": "sha512-rovKlJ5ZP4qDvsN5dhTUQyJZNiuXNeM4vYhxk8TiiBq79k1SFwK9uB5SwkC3+G269QeeUiikEaLNxHCp7+vCcQ==",
      "requires": {
        "@babel/runtime": "^7.12.0"
      }
    },
    "xueyan-react-contents": {
      "version": "1.0.7",
      "resolved": "https://registry.npmjs.org/xueyan-react-contents/-/xueyan-react-contents-1.0.7.tgz",
      "integrity": "sha512-aHWhxB6L8YaSZI5gDD8o8BRogWPSlqnbeQCmG6szowNsUQff/RkCl2dY2nRgOCGurVSQvw1kWimTt8D3dQgpbQ==",
      "requires": {
        "@babel/runtime": "^7.12.0",
        "xueyan-react-icon": "^1.1.2",
        "xueyan-react-input": "^1.0.2",
        "xueyan-react-link": "^1.1.3",
        "xueyan-react-style": "^2.0.2",
        "xueyan-react-transition": "^1.0.8"
      }
    },
    "xueyan-react-doc": {
      "version": "2.1.3",
      "resolved": "https://registry.npmjs.org/xueyan-react-doc/-/xueyan-react-doc-2.1.3.tgz",
      "integrity": "sha512-uB2Gu2NgFtVwhtDGl2/kUQUoFt6LIPsRoVYXVd12Q2NaEJrU6uB3RrXs13PsTcMaTXhxwlY/g9WI8uqbLKmpLQ==",
      "requires": {
        "@babel/runtime": "^7.12.0",
        "xueyan-react-button": "^1.0.0",
        "xueyan-react-contents": "^1.0.7",
        "xueyan-react-drawer": "^1.0.2",
        "xueyan-react-icon": "^1.1.3",
        "xueyan-react-link": "^1.1.3",
        "xueyan-react-select": "^1.2.0",
        "xueyan-react-store": "^2.2.0",
        "xueyan-react-style": "^2.1.0",
        "xueyan-react-transition": "^1.0.9"
      }
    },
    "xueyan-react-drawer": {
      "version": "1.0.3",
      "resolved": "https://registry.npmjs.org/xueyan-react-drawer/-/xueyan-react-drawer-1.0.3.tgz",
      "integrity": "sha512-I6SXpAw5yfmmIqyWIyQtjVvVMCZV8Fx1+AxcP7MIbIByiov9xoHpM00j0d1olXEu2/uFAjHzg3ZdnVAViiMHyQ==",
      "requires": {
        "@babel/runtime": "^7.12.0",
        "xueyan-react-style": "^2.0.2",
        "xueyan-react-transition": "^1.0.8"
      }
    },
    "xueyan-react-ellipsis": {
      "version": "1.0.6",
      "resolved": "https://registry.npmjs.org/xueyan-react-ellipsis/-/xueyan-react-ellipsis-1.0.6.tgz",
      "integrity": "sha512-vb4xZ2HbD+rEmJLIf7+YviJ/joDYcy4N1Yl8nVPkeIbrocWcjVOCa/SqAFDhb6BfuMnXe0SNaDUNj/Ntvpgv0A==",
      "requires": {
        "@babel/runtime": "^7.12.0",
        "xueyan-react-popover": "^1.3.2"
      }
    },
    "xueyan-react-icon": {
      "version": "1.1.5",
      "resolved": "https://registry.npmjs.org/xueyan-react-icon/-/xueyan-react-icon-1.1.5.tgz",
      "integrity": "sha512-8O7HZ7YJ4gQ+ziJTyCC++OZRLpXoI1dpIG6bseRVS+ejPVch5SH61JZjYAYKmlZU3rkP8NfBuDsSG/3KaTsE+Q==",
      "requires": {
        "@babel/runtime": "^7.12.0"
      }
    },
    "xueyan-react-input": {
      "version": "1.0.2",
      "resolved": "https://registry.npmjs.org/xueyan-react-input/-/xueyan-react-input-1.0.2.tgz",
      "integrity": "sha512-ok+1g1Xg5nwGvxiaVMH/LouW7td3Bupd9yIpLioFpafk2AnDgPJbVTF6SbrPBUzt7QleCi6u2BsGyt6+qxzbXQ==",
      "requires": {
        "@babel/runtime": "^7.12.0",
        "xueyan-react-icon": "^1.1.2",
        "xueyan-react-style": "^2.0.2"
      }
    },
    "xueyan-react-link": {
      "version": "1.1.3",
      "resolved": "https://registry.npmjs.org/xueyan-react-link/-/xueyan-react-link-1.1.3.tgz",
      "integrity": "sha512-ave3qvJ3uTDGUQNQPBuTHih2gL0SfiZLQkcAf6zPrWwn3PpGBgN1V0Mu2l6ieTxrCbPkipcOeD033Pmiy3+xqA==",
      "requires": {
        "@babel/runtime": "^7.12.0",
        "xueyan-react-ellipsis": "^1.0.6",
        "xueyan-react-style": "^2.0.2"
      }
    },
    "xueyan-react-popover": {
      "version": "1.3.2",
      "resolved": "https://registry.npmjs.org/xueyan-react-popover/-/xueyan-react-popover-1.3.2.tgz",
      "integrity": "sha512-Co6MdY9Fl+BUuOF8XMtjLz8pHjXB2gARnxwao3bQkJHaNDrtdTxRqhuF8yu2Yl4zS0u2HLplPdx+yLpAcwwOMg==",
      "requires": {
        "@babel/runtime": "^7.12.0",
        "xueyan-react-style": "^2.0.1",
        "xueyan-react-transition": "^1.0.8"
      }
    },
    "xueyan-react-select": {
      "version": "1.2.0",
      "resolved": "https://registry.npmjs.org/xueyan-react-select/-/xueyan-react-select-1.2.0.tgz",
      "integrity": "sha512-1YExaTv52GzJBtXGbiVfIz8Er6w4eAqZTLKux+7CmPKGjnN55k/5QX0Wjl2dvR+gBommixAPNJdOQ1hO42oe1g==",
      "requires": {
        "@babel/runtime": "^7.12.0",
        "xueyan-react-icon": "^1.1.2",
        "xueyan-react-popover": "^1.3.1",
        "xueyan-react-style": "^2.0.1"
      }
    },
    "xueyan-react-store": {
      "version": "2.2.4",
      "resolved": "https://registry.npmjs.org/xueyan-react-store/-/xueyan-react-store-2.2.4.tgz",
      "integrity": "sha512-rum2uRhGffK9mNV1PGo9KsmfnPE2f472h6UUDuqZDKJM7kg7S5OmLKWt2oj7HfZWRE6msUEJE/r5XZ1peHXsdQ==",
      "requires": {
        "@babel/runtime": "^7.12.5",
        "eventemitter3": "^4.0.7"
      }
    },
    "xueyan-react-style": {
      "version": "2.1.0",
      "resolved": "https://registry.npmjs.org/xueyan-react-style/-/xueyan-react-style-2.1.0.tgz",
      "integrity": "sha512-cRQrPvsuiyDGBHKo+/G4UC5RD6iy6jlV67HKEC4BjLGDgDIw/EhA9yZ9zt9T+qEyYxOfaDbYYSRDcgR8sBO/GA==",
      "requires": {
        "@babel/runtime": "^7.12.0",
        "eventemitter3": "^4.0.7",
        "xueyan-react-icon": "^1.1.2",
        "xueyan-react-select": "^1.2.0"
      }
    },
    "xueyan-react-transition": {
      "version": "1.0.10",
      "resolved": "https://registry.npmjs.org/xueyan-react-transition/-/xueyan-react-transition-1.0.10.tgz",
      "integrity": "sha512-NLkQOYYXLc8QKB985qFlWgLl75wPI/g3hH5TUQtajEeI5Sx0WDBpa0MhesCrlodoevJ+9D+doHP4aikn7aouRQ==",
      "requires": {
        "@babel/runtime": "^7.12.0",
        "xueyan-react-clone": "^1.0.0"
      }
    }
  }
}
