{
  "name": "ark-markdown-doc",
  "version": "1.0.0",
  "lockfileVersion": 2,
  "requires": true,
  "packages": {
    "": {
      "name": "ark-markdown-doc",
      "version": "1.0.0",
      "dependencies": {
        "ark-doc": "^1.0.0",
        "ark-select": "^1.0.0",
        "classnames": "^2.3.0",
        "lodash": "^4.14.0",
        "react": "^18.2.0",
        "react-dom": "^18.2.0",
        "sdin-react": "^1.0.0",
        "sicon": "^1.0.0",
        "solor": "^1.0.0"
      },
      "devDependencies": {
        "@babel/runtime": "^7.12.0",
        "@types/lodash": "^4.14.0",
        "@types/react": "^18.0.15",
        "@types/react-dom": "^18.0.6",
        "typescript": "^4.0.0"
      }
    },
    "node_modules/@babel/runtime": {
      "version": "7.18.3",
      "resolved": "https://registry.npmjs.org/@babel/runtime/-/runtime-7.18.3.tgz",
      "integrity": "sha512-38Y8f7YUhce/K7RMwTp7m0uCumpv9hZkitCbBClqQIow1qSbCvGkcegKOXpEWCQLfWmevgRiWokZ1GkpfhbZug==",
      "dependencies": {
        "regenerator-runtime": "^0.13.4"
      },
      "engines": {
        "node": ">=6.9.0"
      }
    },
    "node_modules/@types/lodash": {
      "version": "4.14.182",
      "resolved": "https://registry.npmjs.org/@types/lodash/-/lodash-4.14.182.tgz",
      "integrity": "sha512-/THyiqyQAP9AfARo4pF+aCGcyiQ94tX/Is2I7HofNRqoYLgN1PBoOWu2/zTA5zMxzP5EFutMtWtGAFRKUe961Q==",
      "dev": true
    },
    "node_modules/@types/prop-types": {
      "version": "15.7.5",
      "resolved": "https://registry.npmjs.org/@types/prop-types/-/prop-types-15.7.5.tgz",
      "integrity": "sha512-JCB8C6SnDoQf0cNycqd/35A7MjcnK+ZTqE7judS6o7utxUCg6imJg3QK2qzHKszlTjcj2cn+NwMB2i96ubpj7w==",
      "dev": true
    },
    "node_modules/@types/react": {
      "version": "18.0.17",
      "resolved": "https://registry.npmjs.org/@types/react/-/react-18.0.17.tgz",
      "integrity": "sha512-38ETy4tL+rn4uQQi7mB81G7V1g0u2ryquNmsVIOKUAEIDK+3CUjZ6rSRpdvS99dNBnkLFL83qfmtLacGOTIhwQ==",
      "dev": true,
      "dependencies": {
        "@types/prop-types": "*",
        "@types/scheduler": "*",
        "csstype": "^3.0.2"
      }
    },
    "node_modules/@types/react-dom": {
      "version": "18.0.6",
      "resolved": "https://registry.npmjs.org/@types/react-dom/-/react-dom-18.0.6.tgz",
      "integrity": "sha512-/5OFZgfIPSwy+YuIBP/FgJnQnsxhZhjjrnxudMddeblOouIodEQ75X14Rr4wGSG/bknL+Omy9iWlLo1u/9GzAA==",
      "dev": true,
      "dependencies": {
        "@types/react": "*"
      }
    },
    "node_modules/@types/scheduler": {
      "version": "0.16.2",
      "resolved": "https://registry.npmjs.org/@types/scheduler/-/scheduler-0.16.2.tgz",
      "integrity": "sha512-hppQEBDmlwhFAXKJX2KnWLYu5yMfi91yazPb2l+lbJiwW+wdo1gNeRA+3RgNSO39WYX2euey41KEwnqesU2Jew==",
      "dev": true
    },
    "node_modules/ark-button": {
      "version": "1.0.0",
      "resolved": "https://registry.npmjs.org/ark-button/-/ark-button-1.0.0.tgz",
      "integrity": "sha512-v0RcBqTn/8apFUKaHUp61nyqWCDH21CVBVkrtFqVVtsoQ9dd3pxek7tAwf1ccx8C9ocmMwv705iu5VqE27Md6w==",
      "dependencies": {
        "@babel/runtime": "^7.12.0",
        "solor": "^1.0.0"
      },
      "peerDependencies": {
        "classnames": "^2.3.0",
        "react": ">=16.8.0"
      }
    },
    "node_modules/ark-clone": {
      "version": "1.0.1",
      "resolved": "https://registry.npmjs.org/ark-clone/-/ark-clone-1.0.1.tgz",
      "integrity": "sha512-86iKLE/zGIWorDhkufX6ZFlQq4iYtJ9oYAI93hOpdq+Ivweq/FgbqWXqlyK3NwBYOaNAYgK2oJ4PZoIVD5r2cw==",
      "dependencies": {
        "@babel/runtime": "^7.12.0"
      },
      "peerDependencies": {
        "classnames": "^2.3.0",
        "react": ">=16.8.0"
      }
    },
    "node_modules/ark-contents": {
      "version": "1.0.0",
      "resolved": "https://registry.npmjs.org/ark-contents/-/ark-contents-1.0.0.tgz",
      "integrity": "sha512-PYEQz/MyH5b9BICcU3BqKFoXVH+1mFxGhFjYkaqo8Ytgqhk9o/+R3lkcbA4NMhcCfLvl4AdvrNS847vSF5s9Kw==",
      "dependencies": {
        "@babel/runtime": "^7.12.0",
        "ark-input": "^1.0.0",
        "ark-link": "^1.0.0",
        "ark-transition": "^1.0.0",
        "sicon": "^1.0.0",
        "solor": "^1.0.0"
      },
      "peerDependencies": {
        "classnames": "^2.3.0",
        "react": ">=16.8.0"
      }
    },
    "node_modules/ark-doc": {
      "version": "1.0.1",
      "resolved": "https://registry.npmjs.org/ark-doc/-/ark-doc-1.0.1.tgz",
      "integrity": "sha512-iItI3ncWWH6NdsUSpI5rXYApvu6Ul1YdurwWSp1UO60rWVyaHVv4Exj7Ao8KxiBfyiMHCMZkJ0BBcmG7pkSrnA==",
      "dependencies": {
        "@babel/runtime": "^7.12.0",
        "ark-button": "^1.0.0",
        "ark-contents": "^1.0.0",
        "ark-drawer": "^1.0.0",
        "ark-link": "^1.0.0",
        "ark-select": "^1.0.0",
        "ark-transition": "^1.0.0",
        "sicon": "^1.0.0",
        "solor": "^1.0.0",
        "stine": "^1.0.0"
      },
      "peerDependencies": {
        "classnames": "^2.3.0",
        "react": ">=16.8.0"
      }
    },
    "node_modules/ark-drawer": {
      "version": "1.0.0",
      "resolved": "https://registry.npmjs.org/ark-drawer/-/ark-drawer-1.0.0.tgz",
      "integrity": "sha512-wgyRmkhC5FkPBYr08TdFRYZSrRreQ02+WpYtyOk7FL+7e8mV6NeQ9PtaSQJZjX7A+T2Jjsc6Y6DrAkRh+2i6Mg==",
      "dependencies": {
        "@babel/runtime": "^7.12.0",
        "ark-transition": "^1.0.0",
        "solor": "^1.0.0"
      },
      "peerDependencies": {
        "classnames": "^2.3.0",
        "react": ">=16.8.0"
      }
    },
    "node_modules/ark-ellipsis": {
      "version": "1.0.0",
      "resolved": "https://registry.npmjs.org/ark-ellipsis/-/ark-ellipsis-1.0.0.tgz",
      "integrity": "sha512-zQ7ZAT9s4SWkmCIFfqSyz1Uubt/mL0b/V+W686p81VcoYqY3tnyzjcV9whtu6ydQz4M09nMMi833315tI6a3jA==",
      "dependencies": {
        "@babel/runtime": "^7.12.0",
        "ark-popover": "^1.0.0"
      },
      "peerDependencies": {
        "classnames": "^2.3.0",
        "lodash": "^4.14.0",
        "react": ">=16.8.0"
      }
    },
    "node_modules/ark-input": {
      "version": "1.0.0",
      "resolved": "https://registry.npmjs.org/ark-input/-/ark-input-1.0.0.tgz",
      "integrity": "sha512-CMieqCK7ZP64SWxfkCFuUEUvKtF1ld91YxiBSBfJIVUcgLag625ZOmqpuqKUES6ZD2Ch1PjVla/zsbWITJ8+ng==",
      "dependencies": {
        "@babel/runtime": "^7.12.0",
        "sicon": "^1.0.0",
        "solor": "^1.0.0"
      },
      "peerDependencies": {
        "classnames": "^2.3.0",
        "react": ">=16.8.0"
      }
    },
    "node_modules/ark-link": {
      "version": "1.0.0",
      "resolved": "https://registry.npmjs.org/ark-link/-/ark-link-1.0.0.tgz",
      "integrity": "sha512-rlrAUpJ5Frj0z1mSzEuU8ZGp7bf0ntjTz/jYi1yHsLauIOTSyTSJGHVjIjjis0ECDFbI2yH+MpA8JFX1w6w6uA==",
      "dependencies": {
        "@babel/runtime": "^7.12.0",
        "ark-ellipsis": "^1.0.0",
        "solor": "^1.0.0"
      },
      "peerDependencies": {
        "classnames": "^2.3.0",
        "react": ">=16.8.0"
      }
    },
    "node_modules/ark-popover": {
      "version": "1.0.0",
      "resolved": "https://registry.npmjs.org/ark-popover/-/ark-popover-1.0.0.tgz",
      "integrity": "sha512-tPY4+emgufTt1d2MrRhZQfi8PFkedC9sYlhzUBzOo09T40ny3n/J3vrcoi8/WH3ysvmWc8g/7vGODWrOeLLXpw==",
      "dependencies": {
        "@babel/runtime": "^7.12.0",
        "ark-transition": "^1.0.0",
        "solor": "^1.0.0"
      },
      "peerDependencies": {
        "classnames": "^2.3.0",
        "react": ">=16.8.0"
      }
    },
    "node_modules/ark-select": {
      "version": "1.0.0",
      "resolved": "https://registry.npmjs.org/ark-select/-/ark-select-1.0.0.tgz",
      "integrity": "sha512-GXF4Rg7s3p+cnTUKK6cidUJMETlIJrD6hC7pB5H3wncnOEH3x6hrckajB45eNLGlEOdyWvE/UruclUubuc1ERQ==",
      "dependencies": {
        "@babel/runtime": "^7.12.0",
        "ark-popover": "^1.0.0",
        "sicon": "^1.0.0",
        "solor": "^1.0.0"
      },
      "peerDependencies": {
        "classnames": "^2.3.0",
        "react": ">=16.8.0"
      }
    },
    "node_modules/ark-transition": {
      "version": "1.0.0",
      "resolved": "https://registry.npmjs.org/ark-transition/-/ark-transition-1.0.0.tgz",
      "integrity": "sha512-fIe589MYlOLe7Y4D1Yyy697eG1r+wPWyyhozzk75zOF+9qeZ+zKs1Gxc4yBnmmzVfYnJQvGsghOu/eJkZFifhA==",
      "dependencies": {
        "@babel/runtime": "^7.12.0",
        "ark-clone": "^1.0.0"
      },
      "peerDependencies": {
        "classnames": "^2.3.0",
        "react": ">=16.8.0"
      }
    },
    "node_modules/classnames": {
      "version": "2.3.1",
      "resolved": "https://registry.npmjs.org/classnames/-/classnames-2.3.1.tgz",
      "integrity": "sha512-OlQdbZ7gLfGarSqxesMesDa5uz7KFbID8Kpq/SxIoNGDqY8lSYs0D+hhtBXhcdB3rcbXArFr7vlHheLk1voeNA=="
    },
    "node_modules/csstype": {
      "version": "3.1.0",
      "resolved": "https://registry.npmjs.org/csstype/-/csstype-3.1.0.tgz",
      "integrity": "sha512-uX1KG+x9h5hIJsaKR9xHUeUraxf8IODOwq9JLNPq6BwB04a/xgpq3rcx47l5BZu5zBPlgD342tdke3Hom/nJRA==",
      "dev": true
    },
    "node_modules/eventemitter3": {
      "version": "4.0.7",
      "resolved": "https://registry.npmjs.org/eventemitter3/-/eventemitter3-4.0.7.tgz",
      "integrity": "sha512-8guHBZCwKnFhYdHr2ysuRWErTwhoN2X8XELRlrRwpmfeY2jjuUN4taQMsULKUVo1K4DvZl+0pgfyoysHxvmvEw=="
    },
    "node_modules/intersection-observer": {
      "version": "0.12.0",
      "resolved": "https://registry.npmjs.org/intersection-observer/-/intersection-observer-0.12.0.tgz",
      "integrity": "sha512-2Vkz8z46Dv401zTWudDGwO7KiGHNDkMv417T5ItcNYfmvHR/1qCTVBO9vwH8zZmQ0WkA/1ARwpysR9bsnop4NQ=="
    },
    "node_modules/js-tokens": {
      "version": "4.0.0",
      "resolved": "https://registry.npmjs.org/js-tokens/-/js-tokens-4.0.0.tgz",
      "integrity": "sha512-RdJUflcE3cUzKiMqQgsCu06FPu9UdIJO0beYbPhHN4k6apgJtifcoCtT9bcxOpYBtpD2kCM6Sbzg4CausW/PKQ=="
    },
    "node_modules/lodash": {
      "version": "4.17.21",
      "resolved": "https://registry.npmjs.org/lodash/-/lodash-4.17.21.tgz",
      "integrity": "sha512-v2kDEe57lecTulaDIuNTPy3Ry4gLGJ6Z1O3vE1krgXZNrsQ+LFTGHVxVjcXPs17LhbZVGedAJv8XZ1tvj5FvSg=="
    },
    "node_modules/loose-envify": {
      "version": "1.4.0",
      "resolved": "https://registry.npmjs.org/loose-envify/-/loose-envify-1.4.0.tgz",
      "integrity": "sha512-lyuxPGr/Wfhrlem2CL/UcnUc1zcqKAImBDzukY7Y5F/yQiNdko6+fRLevlw1HgMySw7f611UIY408EtxRSoK3Q==",
      "dependencies": {
        "js-tokens": "^3.0.0 || ^4.0.0"
      },
      "bin": {
        "loose-envify": "cli.js"
      }
    },
    "node_modules/react": {
      "version": "18.2.0",
      "resolved": "https://registry.npmjs.org/react/-/react-18.2.0.tgz",
      "integrity": "sha512-/3IjMdb2L9QbBdWiW5e3P2/npwMBaU9mHCSCUzNln0ZCYbcfTsGbTJrU/kGemdH2IWmB2ioZ+zkxtmq6g09fGQ==",
      "dependencies": {
        "loose-envify": "^1.1.0"
      },
      "engines": {
        "node": ">=0.10.0"
      }
    },
    "node_modules/react-dom": {
      "version": "18.2.0",
      "resolved": "https://registry.npmjs.org/react-dom/-/react-dom-18.2.0.tgz",
      "integrity": "sha512-6IMTriUmvsjHUjNtEDudZfuDQUoWXVxKHhlEGSk81n4YFS+r/Kl99wXiwlVXtPBtJenozv2P+hxDsw9eA7Xo6g==",
      "dependencies": {
        "loose-envify": "^1.1.0",
        "scheduler": "^0.23.0"
      },
      "peerDependencies": {
        "react": "^18.2.0"
      }
    },
    "node_modules/regenerator-runtime": {
      "version": "0.13.9",
      "resolved": "https://registry.npmjs.org/regenerator-runtime/-/regenerator-runtime-0.13.9.tgz",
      "integrity": "sha512-p3VT+cOEgxFsRRA9X4lkI1E+k2/CtnKtU4gcxyaCUreilL/vqI6CdZ3wxVUx3UOUg+gnUOQQcRI7BmSI656MYA=="
    },
    "node_modules/scheduler": {
      "version": "0.23.0",
      "resolved": "https://registry.npmjs.org/scheduler/-/scheduler-0.23.0.tgz",
      "integrity": "sha512-CtuThmgHNg7zIZWAXi3AsyIzA3n4xx7aNyjwC2VJldO2LMVDhFK+63xGqq6CsJH4rTAt6/M+N4GhZiDYPx9eUw==",
      "dependencies": {
        "loose-envify": "^1.1.0"
      }
    },
    "node_modules/sdin-react": {
      "version": "1.0.1",
      "resolved": "https://registry.npmjs.org/sdin-react/-/sdin-react-1.0.1.tgz",
      "integrity": "sha512-DZMEJ1WWWY67TWpLWdXprFLJn44t/IVBUjUSVsrmjwK+iGuYuhV5rfnON6W4/xCjXGzxKQty/2bLxFPpmFTvQg==",
      "dependencies": {
        "@babel/runtime": "^7.12.5",
        "intersection-observer": "^0.12.0",
        "stine": "^1.0.0"
      },
      "peerDependencies": {
        "react": ">=16.8.0"
      }
    },
    "node_modules/sicon": {
      "version": "1.0.1",
      "resolved": "https://registry.npmjs.org/sicon/-/sicon-1.0.1.tgz",
      "integrity": "sha512-pdDiYDne8FDphPOVlZUCuagUh6FtvL9kr8M9lhPTpAv3GeCedsRIGhflioLVGvxM02wDtf/Dp77NZPE5czqiTw==",
      "dependencies": {
        "@babel/runtime": "^7.12.0"
      },
      "peerDependencies": {
        "classnames": "^2.3.0",
        "react": ">=16.8.0"
      }
    },
    "node_modules/solor": {
      "version": "1.0.2",
      "resolved": "https://registry.npmjs.org/solor/-/solor-1.0.2.tgz",
      "integrity": "sha512-WybMJ1Vz9mX+XFxGVkSlgHU1v8G8OwzR/oW6m9uMXs3oeP/jI5K89ugpAj3LPL60VvYB2PsnKHqmPVAvU7iNhg==",
      "dependencies": {
        "@babel/runtime": "^7.12.0",
        "ark-select": "^1.0.0",
        "eventemitter3": "^4.0.7",
        "sicon": "^1.0.0"
      },
      "peerDependencies": {
        "classnames": "^2.3.0",
        "react": ">=16.8.0"
      }
    },
    "node_modules/stine": {
      "version": "1.0.1",
      "resolved": "https://registry.npmjs.org/stine/-/stine-1.0.1.tgz",
      "integrity": "sha512-gi1MGZ4/GZS0BNuQavnHGa9fQjo8dRSX1ZfRNbKC4wU2Sa67Wm5J/iMl8P3kQk9yzyKfMmkGyHeQ02Ds76ssdQ==",
      "dependencies": {
        "@babel/runtime": "^7.12.5",
        "eventemitter3": "^4.0.7"
      },
      "peerDependencies": {
        "react": ">=16.8.0"
      }
    },
    "node_modules/typescript": {
      "version": "4.7.2",
      "resolved": "https://registry.npmjs.org/typescript/-/typescript-4.7.2.tgz",
      "integrity": "sha512-Mamb1iX2FDUpcTRzltPxgWMKy3fhg0TN378ylbktPGPK/99KbDtMQ4W1hwgsbPAsG3a0xKa1vmw4VKZQbkvz5A==",
      "dev": true,
      "bin": {
        "tsc": "bin/tsc",
        "tsserver": "bin/tsserver"
      },
      "engines": {
        "node": ">=4.2.0"
      }
    }
  },
  "dependencies": {
    "@babel/runtime": {
      "version": "7.18.3",
      "resolved": "https://registry.npmjs.org/@babel/runtime/-/runtime-7.18.3.tgz",
      "integrity": "sha512-38Y8f7YUhce/K7RMwTp7m0uCumpv9hZkitCbBClqQIow1qSbCvGkcegKOXpEWCQLfWmevgRiWokZ1GkpfhbZug==",
      "requires": {
        "regenerator-runtime": "^0.13.4"
      }
    },
    "@types/lodash": {
      "version": "4.14.182",
      "resolved": "https://registry.npmjs.org/@types/lodash/-/lodash-4.14.182.tgz",
      "integrity": "sha512-/THyiqyQAP9AfARo4pF+aCGcyiQ94tX/Is2I7HofNRqoYLgN1PBoOWu2/zTA5zMxzP5EFutMtWtGAFRKUe961Q==",
      "dev": true
    },
    "@types/prop-types": {
      "version": "15.7.5",
      "resolved": "https://registry.npmjs.org/@types/prop-types/-/prop-types-15.7.5.tgz",
      "integrity": "sha512-JCB8C6SnDoQf0cNycqd/35A7MjcnK+ZTqE7judS6o7utxUCg6imJg3QK2qzHKszlTjcj2cn+NwMB2i96ubpj7w==",
      "dev": true
    },
    "@types/react": {
      "version": "18.0.17",
      "resolved": "https://registry.npmjs.org/@types/react/-/react-18.0.17.tgz",
      "integrity": "sha512-38ETy4tL+rn4uQQi7mB81G7V1g0u2ryquNmsVIOKUAEIDK+3CUjZ6rSRpdvS99dNBnkLFL83qfmtLacGOTIhwQ==",
      "dev": true,
      "requires": {
        "@types/prop-types": "*",
        "@types/scheduler": "*",
        "csstype": "^3.0.2"
      }
    },
    "@types/react-dom": {
      "version": "18.0.6",
      "resolved": "https://registry.npmjs.org/@types/react-dom/-/react-dom-18.0.6.tgz",
      "integrity": "sha512-/5OFZgfIPSwy+YuIBP/FgJnQnsxhZhjjrnxudMddeblOouIodEQ75X14Rr4wGSG/bknL+Omy9iWlLo1u/9GzAA==",
      "dev": true,
      "requires": {
        "@types/react": "*"
      }
    },
    "@types/scheduler": {
      "version": "0.16.2",
      "resolved": "https://registry.npmjs.org/@types/scheduler/-/scheduler-0.16.2.tgz",
      "integrity": "sha512-hppQEBDmlwhFAXKJX2KnWLYu5yMfi91yazPb2l+lbJiwW+wdo1gNeRA+3RgNSO39WYX2euey41KEwnqesU2Jew==",
      "dev": true
    },
    "ark-button": {
      "version": "1.0.0",
      "resolved": "https://registry.npmjs.org/ark-button/-/ark-button-1.0.0.tgz",
      "integrity": "sha512-v0RcBqTn/8apFUKaHUp61nyqWCDH21CVBVkrtFqVVtsoQ9dd3pxek7tAwf1ccx8C9ocmMwv705iu5VqE27Md6w==",
      "requires": {
        "@babel/runtime": "^7.12.0",
        "solor": "^1.0.0"
      }
    },
    "ark-clone": {
      "version": "1.0.1",
      "resolved": "https://registry.npmjs.org/ark-clone/-/ark-clone-1.0.1.tgz",
      "integrity": "sha512-86iKLE/zGIWorDhkufX6ZFlQq4iYtJ9oYAI93hOpdq+Ivweq/FgbqWXqlyK3NwBYOaNAYgK2oJ4PZoIVD5r2cw==",
      "requires": {
        "@babel/runtime": "^7.12.0"
      }
    },
    "ark-contents": {
      "version": "1.0.0",
      "resolved": "https://registry.npmjs.org/ark-contents/-/ark-contents-1.0.0.tgz",
      "integrity": "sha512-PYEQz/MyH5b9BICcU3BqKFoXVH+1mFxGhFjYkaqo8Ytgqhk9o/+R3lkcbA4NMhcCfLvl4AdvrNS847vSF5s9Kw==",
      "requires": {
        "@babel/runtime": "^7.12.0",
        "ark-input": "^1.0.0",
        "ark-link": "^1.0.0",
        "ark-transition": "^1.0.0",
        "sicon": "^1.0.0",
        "solor": "^1.0.0"
      }
    },
    "ark-doc": {
      "version": "1.0.1",
      "resolved": "https://registry.npmjs.org/ark-doc/-/ark-doc-1.0.1.tgz",
      "integrity": "sha512-iItI3ncWWH6NdsUSpI5rXYApvu6Ul1YdurwWSp1UO60rWVyaHVv4Exj7Ao8KxiBfyiMHCMZkJ0BBcmG7pkSrnA==",
      "requires": {
        "@babel/runtime": "^7.12.0",
        "ark-button": "^1.0.0",
        "ark-contents": "^1.0.0",
        "ark-drawer": "^1.0.0",
        "ark-link": "^1.0.0",
        "ark-select": "^1.0.0",
        "ark-transition": "^1.0.0",
        "sicon": "^1.0.0",
        "solor": "^1.0.0",
        "stine": "^1.0.0"
      }
    },
    "ark-drawer": {
      "version": "1.0.0",
      "resolved": "https://registry.npmjs.org/ark-drawer/-/ark-drawer-1.0.0.tgz",
      "integrity": "sha512-wgyRmkhC5FkPBYr08TdFRYZSrRreQ02+WpYtyOk7FL+7e8mV6NeQ9PtaSQJZjX7A+T2Jjsc6Y6DrAkRh+2i6Mg==",
      "requires": {
        "@babel/runtime": "^7.12.0",
        "ark-transition": "^1.0.0",
        "solor": "^1.0.0"
      }
    },
    "ark-ellipsis": {
      "version": "1.0.0",
      "resolved": "https://registry.npmjs.org/ark-ellipsis/-/ark-ellipsis-1.0.0.tgz",
      "integrity": "sha512-zQ7ZAT9s4SWkmCIFfqSyz1Uubt/mL0b/V+W686p81VcoYqY3tnyzjcV9whtu6ydQz4M09nMMi833315tI6a3jA==",
      "requires": {
        "@babel/runtime": "^7.12.0",
        "ark-popover": "^1.0.0"
      }
    },
    "ark-input": {
      "version": "1.0.0",
      "resolved": "https://registry.npmjs.org/ark-input/-/ark-input-1.0.0.tgz",
      "integrity": "sha512-CMieqCK7ZP64SWxfkCFuUEUvKtF1ld91YxiBSBfJIVUcgLag625ZOmqpuqKUES6ZD2Ch1PjVla/zsbWITJ8+ng==",
      "requires": {
        "@babel/runtime": "^7.12.0",
        "sicon": "^1.0.0",
        "solor": "^1.0.0"
      }
    },
    "ark-link": {
      "version": "1.0.0",
      "resolved": "https://registry.npmjs.org/ark-link/-/ark-link-1.0.0.tgz",
      "integrity": "sha512-rlrAUpJ5Frj0z1mSzEuU8ZGp7bf0ntjTz/jYi1yHsLauIOTSyTSJGHVjIjjis0ECDFbI2yH+MpA8JFX1w6w6uA==",
      "requires": {
        "@babel/runtime": "^7.12.0",
        "ark-ellipsis": "^1.0.0",
        "solor": "^1.0.0"
      }
    },
    "ark-popover": {
      "version": "1.0.0",
      "resolved": "https://registry.npmjs.org/ark-popover/-/ark-popover-1.0.0.tgz",
      "integrity": "sha512-tPY4+emgufTt1d2MrRhZQfi8PFkedC9sYlhzUBzOo09T40ny3n/J3vrcoi8/WH3ysvmWc8g/7vGODWrOeLLXpw==",
      "requires": {
        "@babel/runtime": "^7.12.0",
        "ark-transition": "^1.0.0",
        "solor": "^1.0.0"
      }
    },
    "ark-select": {
      "version": "1.0.0",
      "resolved": "https://registry.npmjs.org/ark-select/-/ark-select-1.0.0.tgz",
      "integrity": "sha512-GXF4Rg7s3p+cnTUKK6cidUJMETlIJrD6hC7pB5H3wncnOEH3x6hrckajB45eNLGlEOdyWvE/UruclUubuc1ERQ==",
      "requires": {
        "@babel/runtime": "^7.12.0",
        "ark-popover": "^1.0.0",
        "sicon": "^1.0.0",
        "solor": "^1.0.0"
      }
    },
    "ark-transition": {
      "version": "1.0.0",
      "resolved": "https://registry.npmjs.org/ark-transition/-/ark-transition-1.0.0.tgz",
      "integrity": "sha512-fIe589MYlOLe7Y4D1Yyy697eG1r+wPWyyhozzk75zOF+9qeZ+zKs1Gxc4yBnmmzVfYnJQvGsghOu/eJkZFifhA==",
      "requires": {
        "@babel/runtime": "^7.12.0",
        "ark-clone": "^1.0.0"
      }
    },
    "classnames": {
      "version": "2.3.1",
      "resolved": "https://registry.npmjs.org/classnames/-/classnames-2.3.1.tgz",
      "integrity": "sha512-OlQdbZ7gLfGarSqxesMesDa5uz7KFbID8Kpq/SxIoNGDqY8lSYs0D+hhtBXhcdB3rcbXArFr7vlHheLk1voeNA=="
    },
    "csstype": {
      "version": "3.1.0",
      "resolved": "https://registry.npmjs.org/csstype/-/csstype-3.1.0.tgz",
      "integrity": "sha512-uX1KG+x9h5hIJsaKR9xHUeUraxf8IODOwq9JLNPq6BwB04a/xgpq3rcx47l5BZu5zBPlgD342tdke3Hom/nJRA==",
      "dev": true
    },
    "eventemitter3": {
      "version": "4.0.7",
      "resolved": "https://registry.npmjs.org/eventemitter3/-/eventemitter3-4.0.7.tgz",
      "integrity": "sha512-8guHBZCwKnFhYdHr2ysuRWErTwhoN2X8XELRlrRwpmfeY2jjuUN4taQMsULKUVo1K4DvZl+0pgfyoysHxvmvEw=="
    },
    "intersection-observer": {
      "version": "0.12.0",
      "resolved": "https://registry.npmjs.org/intersection-observer/-/intersection-observer-0.12.0.tgz",
      "integrity": "sha512-2Vkz8z46Dv401zTWudDGwO7KiGHNDkMv417T5ItcNYfmvHR/1qCTVBO9vwH8zZmQ0WkA/1ARwpysR9bsnop4NQ=="
    },
    "js-tokens": {
      "version": "4.0.0",
      "resolved": "https://registry.npmjs.org/js-tokens/-/js-tokens-4.0.0.tgz",
      "integrity": "sha512-RdJUflcE3cUzKiMqQgsCu06FPu9UdIJO0beYbPhHN4k6apgJtifcoCtT9bcxOpYBtpD2kCM6Sbzg4CausW/PKQ=="
    },
    "lodash": {
      "version": "4.17.21",
      "resolved": "https://registry.npmjs.org/lodash/-/lodash-4.17.21.tgz",
      "integrity": "sha512-v2kDEe57lecTulaDIuNTPy3Ry4gLGJ6Z1O3vE1krgXZNrsQ+LFTGHVxVjcXPs17LhbZVGedAJv8XZ1tvj5FvSg=="
    },
    "loose-envify": {
      "version": "1.4.0",
      "resolved": "https://registry.npmjs.org/loose-envify/-/loose-envify-1.4.0.tgz",
      "integrity": "sha512-lyuxPGr/Wfhrlem2CL/UcnUc1zcqKAImBDzukY7Y5F/yQiNdko6+fRLevlw1HgMySw7f611UIY408EtxRSoK3Q==",
      "requires": {
        "js-tokens": "^3.0.0 || ^4.0.0"
      }
    },
    "react": {
      "version": "18.2.0",
      "resolved": "https://registry.npmjs.org/react/-/react-18.2.0.tgz",
      "integrity": "sha512-/3IjMdb2L9QbBdWiW5e3P2/npwMBaU9mHCSCUzNln0ZCYbcfTsGbTJrU/kGemdH2IWmB2ioZ+zkxtmq6g09fGQ==",
      "requires": {
        "loose-envify": "^1.1.0"
      }
    },
    "react-dom": {
      "version": "18.2.0",
      "resolved": "https://registry.npmjs.org/react-dom/-/react-dom-18.2.0.tgz",
      "integrity": "sha512-6IMTriUmvsjHUjNtEDudZfuDQUoWXVxKHhlEGSk81n4YFS+r/Kl99wXiwlVXtPBtJenozv2P+hxDsw9eA7Xo6g==",
      "requires": {
        "loose-envify": "^1.1.0",
        "scheduler": "^0.23.0"
      }
    },
    "regenerator-runtime": {
      "version": "0.13.9",
      "resolved": "https://registry.npmjs.org/regenerator-runtime/-/regenerator-runtime-0.13.9.tgz",
      "integrity": "sha512-p3VT+cOEgxFsRRA9X4lkI1E+k2/CtnKtU4gcxyaCUreilL/vqI6CdZ3wxVUx3UOUg+gnUOQQcRI7BmSI656MYA=="
    },
    "scheduler": {
      "version": "0.23.0",
      "resolved": "https://registry.npmjs.org/scheduler/-/scheduler-0.23.0.tgz",
      "integrity": "sha512-CtuThmgHNg7zIZWAXi3AsyIzA3n4xx7aNyjwC2VJldO2LMVDhFK+63xGqq6CsJH4rTAt6/M+N4GhZiDYPx9eUw==",
      "requires": {
        "loose-envify": "^1.1.0"
      }
    },
    "sdin-react": {
      "version": "1.0.1",
      "resolved": "https://registry.npmjs.org/sdin-react/-/sdin-react-1.0.1.tgz",
      "integrity": "sha512-DZMEJ1WWWY67TWpLWdXprFLJn44t/IVBUjUSVsrmjwK+iGuYuhV5rfnON6W4/xCjXGzxKQty/2bLxFPpmFTvQg==",
      "requires": {
        "@babel/runtime": "^7.12.5",
        "intersection-observer": "^0.12.0",
        "stine": "^1.0.0"
      }
    },
    "sicon": {
      "version": "1.0.1",
      "resolved": "https://registry.npmjs.org/sicon/-/sicon-1.0.1.tgz",
      "integrity": "sha512-pdDiYDne8FDphPOVlZUCuagUh6FtvL9kr8M9lhPTpAv3GeCedsRIGhflioLVGvxM02wDtf/Dp77NZPE5czqiTw==",
      "requires": {
        "@babel/runtime": "^7.12.0"
      }
    },
    "solor": {
      "version": "1.0.2",
      "resolved": "https://registry.npmjs.org/solor/-/solor-1.0.2.tgz",
      "integrity": "sha512-WybMJ1Vz9mX+XFxGVkSlgHU1v8G8OwzR/oW6m9uMXs3oeP/jI5K89ugpAj3LPL60VvYB2PsnKHqmPVAvU7iNhg==",
      "requires": {
        "@babel/runtime": "^7.12.0",
        "ark-select": "^1.0.0",
        "eventemitter3": "^4.0.7",
        "sicon": "^1.0.0"
      }
    },
    "stine": {
      "version": "1.0.1",
      "resolved": "https://registry.npmjs.org/stine/-/stine-1.0.1.tgz",
      "integrity": "sha512-gi1MGZ4/GZS0BNuQavnHGa9fQjo8dRSX1ZfRNbKC4wU2Sa67Wm5J/iMl8P3kQk9yzyKfMmkGyHeQ02Ds76ssdQ==",
      "requires": {
        "@babel/runtime": "^7.12.5",
        "eventemitter3": "^4.0.7"
      }
    },
    "typescript": {
      "version": "4.7.2",
      "resolved": "https://registry.npmjs.org/typescript/-/typescript-4.7.2.tgz",
      "integrity": "sha512-Mamb1iX2FDUpcTRzltPxgWMKy3fhg0TN378ylbktPGPK/99KbDtMQ4W1hwgsbPAsG3a0xKa1vmw4VKZQbkvz5A==",
      "dev": true
    }
  }
}
